
Microsoft Visual Studio Solution File, Format Version 12.00
# Visual Studio 15
VisualStudioVersion = 15.0.27428.2043
MinimumVisualStudioVersion = 10.0.40219.1
Project("{FAE04EC0-301F-11D3-BF4B-00C04F79EFBC}") = "Employees.App", "AutoMapping\Employees.App.csproj", "{031E7B5B-923B-43AA-9DE2-34AE34FAD3B6}"
EndProject
Project("{FAE04EC0-301F-11D3-BF4B-00C04F79EFBC}") = "Employees.Data", "Employees.Data\Employees.Data.csproj", "{ACAADA5A-ECF6-4612-9859-FC61D998FD5D}"
EndProject
Project("{FAE04EC0-301F-11D3-BF4B-00C04F79EFBC}") = "Employees.Models", "Employees.Models\Employees.Models.csproj", "{755A4D0B-09CD-4D48-B93E-6FAB75B9AED1}"
EndProject
Project("{FAE04EC0-301F-11D3-BF4B-00C04F79EFBC}") = "Employees.ModelsDto", "Employees.ModelsDto\Employees.ModelsDto.csproj", "{5861174B-2835-400B-AE20-9DEC5DACEA97}"
EndProject
Project("{FAE04EC0-301F-11D3-BF4B-00C04F79EFBC}") = "Employees.Services", "Employees.Services\Employees.Services.csproj", "{C355488C-947C-4267-9D40-BB5C109725DD}"
EndProject
Global
	GlobalSection(SolutionConfigurationPlatforms) = preSolution
		Debug|Any CPU = Debug|Any CPU
		Release|Any CPU = Release|Any CPU
	EndGlobalSection
	GlobalSection(ProjectConfigurationPlatforms) = postSolution
		{031E7B5B-923B-43AA-9DE2-34AE34FAD3B6}.Debug|Any CPU.ActiveCfg = Debug|Any CPU
		{031E7B5B-923B-43AA-9DE2-34AE34FAD3B6}.Debug|Any CPU.Build.0 = Debug|Any CPU
		{031E7B5B-923B-43AA-9DE2-34AE34FAD3B6}.Release|Any CPU.ActiveCfg = Release|Any CPU
		{031E7B5B-923B-43AA-9DE2-34AE34FAD3B6}.Release|Any CPU.Build.0 = Release|Any CPU
		{ACAADA5A-ECF6-4612-9859-FC61D998FD5D}.Debug|Any CPU.ActiveCfg = Debug|Any CPU
		{ACAADA5A-ECF6-4612-9859-FC61D998FD5D}.Debug|Any CPU.Build.0 = Debug|Any CPU
		{ACAADA5A-ECF6-4612-9859-FC61D998FD5D}.Release|Any CPU.ActiveCfg = Release|Any CPU
		{ACAADA5A-ECF6-4612-9859-FC61D998FD5D}.Release|Any CPU.Build.0 = Release|Any CPU
		{755A4D0B-09CD-4D48-B93E-6FAB75B9AED1}.Debug|Any CPU.ActiveCfg = Debug|Any CPU
		{755A4D0B-09CD-4D48-B93E-6FAB75B9AED1}.Debug|Any CPU.Build.0 = Debug|Any CPU
		{755A4D0B-09CD-4D48-B93E-6FAB75B9AED1}.Release|Any CPU.ActiveCfg = Release|Any CPU
		{755A4D0B-09CD-4D48-B93E-6FAB75B9AED1}.Release|Any CPU.Build.0 = Release|Any CPU
		{5861174B-2835-400B-AE20-9DEC5DACEA97}.Debug|Any CPU.ActiveCfg = Debug|Any CPU
		{5861174B-2835-400B-AE20-9DEC5DACEA97}.Debug|Any CPU.Build.0 = Debug|Any CPU
		{5861174B-2835-400B-AE20-9DEC5DACEA97}.Release|Any CPU.ActiveCfg = Release|Any CPU
		{5861174B-2835-400B-AE20-9DEC5DACEA97}.Release|Any CPU.Build.0 = Release|Any CPU
		{C355488C-947C-4267-9D40-BB5C109725DD}.Debug|Any CPU.ActiveCfg = Debug|Any CPU
		{C355488C-947C-4267-9D40-BB5C109725DD}.Debug|Any CPU.Build.0 = Debug|Any CPU
		{C355488C-947C-4267-9D40-BB5C109725DD}.Release|Any CPU.ActiveCfg = Release|Any CPU
		{C355488C-947C-4267-9D40-BB5C109725DD}.Release|Any CPU.Build.0 = Release|Any CPU
	EndGlobalSection
	GlobalSection(SolutionProperties) = preSolution
		HideSolutionNode = FALSE
	EndGlobalSection
	GlobalSection(ExtensibilityGlobals) = postSolution
		SolutionGuid = {3E903526-9BBA-4ADD-9BB4-232BCAA873C2}
	EndGlobalSection
EndGlobal
