
Microsoft Visual Studio Solution File, Format Version 12.00
# Visual Studio 15
VisualStudioVersion = 15.0.26730.16
MinimumVisualStudioVersion = 10.0.40219.1
Project("{FAE04EC0-301F-11D3-BF4B-00C04F79EFBC}") = "Dangerous floor", "ConsoleApp1\Dangerous floor.csproj", "{0B9B8146-4336-49EF-9B10-DAD7D3FCA99D}"
EndProject
Global
	GlobalSection(SolutionConfigurationPlatforms) = preSolution
		Debug|Any CPU = Debug|Any CPU
		Release|Any CPU = Release|Any CPU
	EndGlobalSection
	GlobalSection(ProjectConfigurationPlatforms) = postSolution
		{0B9B8146-4336-49EF-9B10-DAD7D3FCA99D}.Debug|Any CPU.ActiveCfg = Debug|Any CPU
		{0B9B8146-4336-49EF-9B10-DAD7D3FCA99D}.Debug|Any CPU.Build.0 = Debug|Any CPU
		{0B9B8146-4336-49EF-9B10-DAD7D3FCA99D}.Release|Any CPU.ActiveCfg = Release|Any CPU
		{0B9B8146-4336-49EF-9B10-DAD7D3FCA99D}.Release|Any CPU.Build.0 = Release|Any CPU
	EndGlobalSection
	GlobalSection(SolutionProperties) = preSolution
		HideSolutionNode = FALSE
	EndGlobalSection
	GlobalSection(ExtensibilityGlobals) = postSolution
		SolutionGuid = {E3B40EE1-ACAF-47E8-8B29-6DAC5E053983}
	EndGlobalSection
EndGlobal
