
Microsoft Visual Studio Solution File, Format Version 12.00
# Visual Studio 15
VisualStudioVersion = 15.0.27428.2043
MinimumVisualStudioVersion = 10.0.40219.1
Project("{FAE04EC0-301F-11D3-BF4B-00C04F79EFBC}") = "EmployeesFullInformation", "EmployeesFullInformation\EmployeesFullInformation.csproj", "{5B1CC43A-1B65-42A7-A212-F168318AD59F}"
EndProject
Global
	GlobalSection(SolutionConfigurationPlatforms) = preSolution
		Debug|Any CPU = Debug|Any CPU
		Release|Any CPU = Release|Any CPU
	EndGlobalSection
	GlobalSection(ProjectConfigurationPlatforms) = postSolution
		{5B1CC43A-1B65-42A7-A212-F168318AD59F}.Debug|Any CPU.ActiveCfg = Debug|Any CPU
		{5B1CC43A-1B65-42A7-A212-F168318AD59F}.Debug|Any CPU.Build.0 = Debug|Any CPU
		{5B1CC43A-1B65-42A7-A212-F168318AD59F}.Release|Any CPU.ActiveCfg = Release|Any CPU
		{5B1CC43A-1B65-42A7-A212-F168318AD59F}.Release|Any CPU.Build.0 = Release|Any CPU
	EndGlobalSection
	GlobalSection(SolutionProperties) = preSolution
		HideSolutionNode = FALSE
	EndGlobalSection
	GlobalSection(ExtensibilityGlobals) = postSolution
		SolutionGuid = {27EB2AAC-7443-4651-AF27-5F23BA0E7FCD}
	EndGlobalSection
EndGlobal
