
Microsoft Visual Studio Solution File, Format Version 12.00
# Visual Studio 15
VisualStudioVersion = 15.0.26730.16
MinimumVisualStudioVersion = 10.0.40219.1
Project("{FAE04EC0-301F-11D3-BF4B-00C04F79EFBC}") = "Phonebook Upgrade", "Phonebook\Phonebook Upgrade.csproj", "{3EFF45AC-F182-45AF-A24D-AB8E554FB437}"
EndProject
Project("{FAE04EC0-301F-11D3-BF4B-00C04F79EFBC}") = "Miners Task", "Miners Task\Miners Task.csproj", "{BDEA8EAA-A7CF-4F5E-88C6-F448E06FE1B8}"
EndProject
Project("{FAE04EC0-301F-11D3-BF4B-00C04F79EFBC}") = "Fix Emails", "Fix Emails\Fix Emails.csproj", "{FA9F15F7-4828-4900-A0EC-11A9ECE3EF85}"
EndProject
Project("{FAE04EC0-301F-11D3-BF4B-00C04F79EFBC}") = "Phonebookk", "Phonebookk\Phonebookk.csproj", "{ED6C2038-4F05-46B1-B7A4-DCB8AD15BE16}"
EndProject
Project("{FAE04EC0-301F-11D3-BF4B-00C04F79EFBC}") = "odd occurances", "odd occurances\odd occurances.csproj", "{16BCED12-37A2-4887-B1D6-7F358DF1AACE}"
EndProject
Project("{FAE04EC0-301F-11D3-BF4B-00C04F79EFBC}") = "Average student grades", "Average student grades\Average student grades.csproj", "{CD54A78A-5075-4DA9-9CCE-F9B7D2990A78}"
EndProject
Project("{FAE04EC0-301F-11D3-BF4B-00C04F79EFBC}") = "Cities by continent and country", "Cities by continent and country\Cities by continent and country.csproj", "{E55D4C43-10B8-46D8-B8A8-B21A5D9604A0}"
EndProject
Project("{FAE04EC0-301F-11D3-BF4B-00C04F79EFBC}") = "Sum min max average", "Sum min max average\Sum min max average.csproj", "{C1D4D1B2-AF05-4394-8DB5-7B721F13F376}"
EndProject
Project("{FAE04EC0-301F-11D3-BF4B-00C04F79EFBC}") = "Largest 3 numbers", "Largest 3 numbers\Largest 3 numbers.csproj", "{A51161A5-3D81-41D7-8AD9-A83391869D4C}"
EndProject
Project("{FAE04EC0-301F-11D3-BF4B-00C04F79EFBC}") = "pokemon evolution", "pokemon evolution\pokemon evolution.csproj", "{EB205A99-2FFC-4625-8F51-04BB70D542B6}"
EndProject
Project("{FAE04EC0-301F-11D3-BF4B-00C04F79EFBC}") = "Trainlands", "Trainlands\Trainlands.csproj", "{F3CABBC1-1CDA-43C6-91B4-C675F5398EED}"
EndProject
Project("{FAE04EC0-301F-11D3-BF4B-00C04F79EFBC}") = "Phoenix oscar", "Phoenix oscar\Phoenix oscar.csproj", "{51F17173-D583-4ABA-8672-4204E418E632}"
EndProject
Project("{FAE04EC0-301F-11D3-BF4B-00C04F79EFBC}") = "User Logs", "Hornet Armada\User Logs.csproj", "{9E1ECDEB-47B2-4773-8D51-69AD1A18D2B2}"
EndProject
Project("{FAE04EC0-301F-11D3-BF4B-00C04F79EFBC}") = "population Counter", "population Counter\population Counter.csproj", "{761DBB6C-827C-4347-91FF-E263C7EA71D2}"
EndProject
Project("{FAE04EC0-301F-11D3-BF4B-00C04F79EFBC}") = "Los Aggregator", "Los Aggregator\Los Aggregator.csproj", "{8A76FD5D-5FF8-4099-A10A-E48302C9079F}"
EndProject
Project("{FAE04EC0-301F-11D3-BF4B-00C04F79EFBC}") = "Legendary farmingg", "Legendary farmingg\Legendary farmingg.csproj", "{265EABBD-3D11-431E-AD29-ABB7985F544E}"
EndProject
Project("{FAE04EC0-301F-11D3-BF4B-00C04F79EFBC}") = "Dragon army", "Dragon army\Dragon army.csproj", "{F90B62B2-2800-4725-98ED-1A893D426FEA}"
EndProject
Project("{FAE04EC0-301F-11D3-BF4B-00C04F79EFBC}") = "Сръбско unleashed", "Сръбско unleashed\Сръбско unleashed.csproj", "{EDA6EB9A-AEDE-4DAA-8C63-31411C80FB08}"
EndProject
Project("{FAE04EC0-301F-11D3-BF4B-00C04F79EFBC}") = "Array data", "Array data\Array data.csproj", "{9DDECC2A-A1FD-40D4-8669-19D39EF0D09D}"
EndProject
Project("{FAE04EC0-301F-11D3-BF4B-00C04F79EFBC}") = "String decription", "String decription\String decription.csproj", "{CFAF43D1-F144-460B-A4E5-38A57CDC531E}"
EndProject
Project("{FAE04EC0-301F-11D3-BF4B-00C04F79EFBC}") = "Camping", "Camping\Camping.csproj", "{8FE319C1-669F-4E3B-B6BC-90BADBEACF2D}"
EndProject
Project("{FAE04EC0-301F-11D3-BF4B-00C04F79EFBC}") = "Most valued customer", "Most valued customer\Most valued customer.csproj", "{32051076-F9AD-44E9-84A3-69E6A27BCA6C}"
EndProject
Project("{FAE04EC0-301F-11D3-BF4B-00C04F79EFBC}") = "Lambda Expressions", "Lambda Expressions\Lambda Expressions.csproj", "{17BE1293-AB3C-46A4-B316-E26B18D25138}"
EndProject
Project("{FAE04EC0-301F-11D3-BF4B-00C04F79EFBC}") = "ordered banking system", "ordered banking system\ordered banking system.csproj", "{21FD2BBE-CD5D-4C43-BE62-8D136B4651AA}"
EndProject
Project("{FAE04EC0-301F-11D3-BF4B-00C04F79EFBC}") = "LinQuistics", "LinQuistics\LinQuistics.csproj", "{6D676FEF-2722-4521-BF26-014798227076}"
EndProject
Global
	GlobalSection(SolutionConfigurationPlatforms) = preSolution
		Debug|Any CPU = Debug|Any CPU
		Release|Any CPU = Release|Any CPU
	EndGlobalSection
	GlobalSection(ProjectConfigurationPlatforms) = postSolution
		{3EFF45AC-F182-45AF-A24D-AB8E554FB437}.Debug|Any CPU.ActiveCfg = Debug|Any CPU
		{3EFF45AC-F182-45AF-A24D-AB8E554FB437}.Debug|Any CPU.Build.0 = Debug|Any CPU
		{3EFF45AC-F182-45AF-A24D-AB8E554FB437}.Release|Any CPU.ActiveCfg = Release|Any CPU
		{3EFF45AC-F182-45AF-A24D-AB8E554FB437}.Release|Any CPU.Build.0 = Release|Any CPU
		{BDEA8EAA-A7CF-4F5E-88C6-F448E06FE1B8}.Debug|Any CPU.ActiveCfg = Debug|Any CPU
		{BDEA8EAA-A7CF-4F5E-88C6-F448E06FE1B8}.Debug|Any CPU.Build.0 = Debug|Any CPU
		{BDEA8EAA-A7CF-4F5E-88C6-F448E06FE1B8}.Release|Any CPU.ActiveCfg = Release|Any CPU
		{BDEA8EAA-A7CF-4F5E-88C6-F448E06FE1B8}.Release|Any CPU.Build.0 = Release|Any CPU
		{FA9F15F7-4828-4900-A0EC-11A9ECE3EF85}.Debug|Any CPU.ActiveCfg = Debug|Any CPU
		{FA9F15F7-4828-4900-A0EC-11A9ECE3EF85}.Debug|Any CPU.Build.0 = Debug|Any CPU
		{FA9F15F7-4828-4900-A0EC-11A9ECE3EF85}.Release|Any CPU.ActiveCfg = Release|Any CPU
		{FA9F15F7-4828-4900-A0EC-11A9ECE3EF85}.Release|Any CPU.Build.0 = Release|Any CPU
		{ED6C2038-4F05-46B1-B7A4-DCB8AD15BE16}.Debug|Any CPU.ActiveCfg = Debug|Any CPU
		{ED6C2038-4F05-46B1-B7A4-DCB8AD15BE16}.Debug|Any CPU.Build.0 = Debug|Any CPU
		{ED6C2038-4F05-46B1-B7A4-DCB8AD15BE16}.Release|Any CPU.ActiveCfg = Release|Any CPU
		{ED6C2038-4F05-46B1-B7A4-DCB8AD15BE16}.Release|Any CPU.Build.0 = Release|Any CPU
		{16BCED12-37A2-4887-B1D6-7F358DF1AACE}.Debug|Any CPU.ActiveCfg = Debug|Any CPU
		{16BCED12-37A2-4887-B1D6-7F358DF1AACE}.Debug|Any CPU.Build.0 = Debug|Any CPU
		{16BCED12-37A2-4887-B1D6-7F358DF1AACE}.Release|Any CPU.ActiveCfg = Release|Any CPU
		{16BCED12-37A2-4887-B1D6-7F358DF1AACE}.Release|Any CPU.Build.0 = Release|Any CPU
		{CD54A78A-5075-4DA9-9CCE-F9B7D2990A78}.Debug|Any CPU.ActiveCfg = Debug|Any CPU
		{CD54A78A-5075-4DA9-9CCE-F9B7D2990A78}.Debug|Any CPU.Build.0 = Debug|Any CPU
		{CD54A78A-5075-4DA9-9CCE-F9B7D2990A78}.Release|Any CPU.ActiveCfg = Release|Any CPU
		{CD54A78A-5075-4DA9-9CCE-F9B7D2990A78}.Release|Any CPU.Build.0 = Release|Any CPU
		{E55D4C43-10B8-46D8-B8A8-B21A5D9604A0}.Debug|Any CPU.ActiveCfg = Debug|Any CPU
		{E55D4C43-10B8-46D8-B8A8-B21A5D9604A0}.Debug|Any CPU.Build.0 = Debug|Any CPU
		{E55D4C43-10B8-46D8-B8A8-B21A5D9604A0}.Release|Any CPU.ActiveCfg = Release|Any CPU
		{E55D4C43-10B8-46D8-B8A8-B21A5D9604A0}.Release|Any CPU.Build.0 = Release|Any CPU
		{C1D4D1B2-AF05-4394-8DB5-7B721F13F376}.Debug|Any CPU.ActiveCfg = Debug|Any CPU
		{C1D4D1B2-AF05-4394-8DB5-7B721F13F376}.Debug|Any CPU.Build.0 = Debug|Any CPU
		{C1D4D1B2-AF05-4394-8DB5-7B721F13F376}.Release|Any CPU.ActiveCfg = Release|Any CPU
		{C1D4D1B2-AF05-4394-8DB5-7B721F13F376}.Release|Any CPU.Build.0 = Release|Any CPU
		{A51161A5-3D81-41D7-8AD9-A83391869D4C}.Debug|Any CPU.ActiveCfg = Debug|Any CPU
		{A51161A5-3D81-41D7-8AD9-A83391869D4C}.Debug|Any CPU.Build.0 = Debug|Any CPU
		{A51161A5-3D81-41D7-8AD9-A83391869D4C}.Release|Any CPU.ActiveCfg = Release|Any CPU
		{A51161A5-3D81-41D7-8AD9-A83391869D4C}.Release|Any CPU.Build.0 = Release|Any CPU
		{EB205A99-2FFC-4625-8F51-04BB70D542B6}.Debug|Any CPU.ActiveCfg = Debug|Any CPU
		{EB205A99-2FFC-4625-8F51-04BB70D542B6}.Debug|Any CPU.Build.0 = Debug|Any CPU
		{EB205A99-2FFC-4625-8F51-04BB70D542B6}.Release|Any CPU.ActiveCfg = Release|Any CPU
		{EB205A99-2FFC-4625-8F51-04BB70D542B6}.Release|Any CPU.Build.0 = Release|Any CPU
		{F3CABBC1-1CDA-43C6-91B4-C675F5398EED}.Debug|Any CPU.ActiveCfg = Debug|Any CPU
		{F3CABBC1-1CDA-43C6-91B4-C675F5398EED}.Debug|Any CPU.Build.0 = Debug|Any CPU
		{F3CABBC1-1CDA-43C6-91B4-C675F5398EED}.Release|Any CPU.ActiveCfg = Release|Any CPU
		{F3CABBC1-1CDA-43C6-91B4-C675F5398EED}.Release|Any CPU.Build.0 = Release|Any CPU
		{51F17173-D583-4ABA-8672-4204E418E632}.Debug|Any CPU.ActiveCfg = Debug|Any CPU
		{51F17173-D583-4ABA-8672-4204E418E632}.Debug|Any CPU.Build.0 = Debug|Any CPU
		{51F17173-D583-4ABA-8672-4204E418E632}.Release|Any CPU.ActiveCfg = Release|Any CPU
		{51F17173-D583-4ABA-8672-4204E418E632}.Release|Any CPU.Build.0 = Release|Any CPU
		{9E1ECDEB-47B2-4773-8D51-69AD1A18D2B2}.Debug|Any CPU.ActiveCfg = Debug|Any CPU
		{9E1ECDEB-47B2-4773-8D51-69AD1A18D2B2}.Debug|Any CPU.Build.0 = Debug|Any CPU
		{9E1ECDEB-47B2-4773-8D51-69AD1A18D2B2}.Release|Any CPU.ActiveCfg = Release|Any CPU
		{9E1ECDEB-47B2-4773-8D51-69AD1A18D2B2}.Release|Any CPU.Build.0 = Release|Any CPU
		{761DBB6C-827C-4347-91FF-E263C7EA71D2}.Debug|Any CPU.ActiveCfg = Debug|Any CPU
		{761DBB6C-827C-4347-91FF-E263C7EA71D2}.Debug|Any CPU.Build.0 = Debug|Any CPU
		{761DBB6C-827C-4347-91FF-E263C7EA71D2}.Release|Any CPU.ActiveCfg = Release|Any CPU
		{761DBB6C-827C-4347-91FF-E263C7EA71D2}.Release|Any CPU.Build.0 = Release|Any CPU
		{8A76FD5D-5FF8-4099-A10A-E48302C9079F}.Debug|Any CPU.ActiveCfg = Debug|Any CPU
		{8A76FD5D-5FF8-4099-A10A-E48302C9079F}.Debug|Any CPU.Build.0 = Debug|Any CPU
		{8A76FD5D-5FF8-4099-A10A-E48302C9079F}.Release|Any CPU.ActiveCfg = Release|Any CPU
		{8A76FD5D-5FF8-4099-A10A-E48302C9079F}.Release|Any CPU.Build.0 = Release|Any CPU
		{265EABBD-3D11-431E-AD29-ABB7985F544E}.Debug|Any CPU.ActiveCfg = Debug|Any CPU
		{265EABBD-3D11-431E-AD29-ABB7985F544E}.Debug|Any CPU.Build.0 = Debug|Any CPU
		{265EABBD-3D11-431E-AD29-ABB7985F544E}.Release|Any CPU.ActiveCfg = Release|Any CPU
		{265EABBD-3D11-431E-AD29-ABB7985F544E}.Release|Any CPU.Build.0 = Release|Any CPU
		{F90B62B2-2800-4725-98ED-1A893D426FEA}.Debug|Any CPU.ActiveCfg = Debug|Any CPU
		{F90B62B2-2800-4725-98ED-1A893D426FEA}.Debug|Any CPU.Build.0 = Debug|Any CPU
		{F90B62B2-2800-4725-98ED-1A893D426FEA}.Release|Any CPU.ActiveCfg = Release|Any CPU
		{F90B62B2-2800-4725-98ED-1A893D426FEA}.Release|Any CPU.Build.0 = Release|Any CPU
		{EDA6EB9A-AEDE-4DAA-8C63-31411C80FB08}.Debug|Any CPU.ActiveCfg = Debug|Any CPU
		{EDA6EB9A-AEDE-4DAA-8C63-31411C80FB08}.Debug|Any CPU.Build.0 = Debug|Any CPU
		{EDA6EB9A-AEDE-4DAA-8C63-31411C80FB08}.Release|Any CPU.ActiveCfg = Release|Any CPU
		{EDA6EB9A-AEDE-4DAA-8C63-31411C80FB08}.Release|Any CPU.Build.0 = Release|Any CPU
		{9DDECC2A-A1FD-40D4-8669-19D39EF0D09D}.Debug|Any CPU.ActiveCfg = Debug|Any CPU
		{9DDECC2A-A1FD-40D4-8669-19D39EF0D09D}.Debug|Any CPU.Build.0 = Debug|Any CPU
		{9DDECC2A-A1FD-40D4-8669-19D39EF0D09D}.Release|Any CPU.ActiveCfg = Release|Any CPU
		{9DDECC2A-A1FD-40D4-8669-19D39EF0D09D}.Release|Any CPU.Build.0 = Release|Any CPU
		{CFAF43D1-F144-460B-A4E5-38A57CDC531E}.Debug|Any CPU.ActiveCfg = Debug|Any CPU
		{CFAF43D1-F144-460B-A4E5-38A57CDC531E}.Debug|Any CPU.Build.0 = Debug|Any CPU
		{CFAF43D1-F144-460B-A4E5-38A57CDC531E}.Release|Any CPU.ActiveCfg = Release|Any CPU
		{CFAF43D1-F144-460B-A4E5-38A57CDC531E}.Release|Any CPU.Build.0 = Release|Any CPU
		{8FE319C1-669F-4E3B-B6BC-90BADBEACF2D}.Debug|Any CPU.ActiveCfg = Debug|Any CPU
		{8FE319C1-669F-4E3B-B6BC-90BADBEACF2D}.Debug|Any CPU.Build.0 = Debug|Any CPU
		{8FE319C1-669F-4E3B-B6BC-90BADBEACF2D}.Release|Any CPU.ActiveCfg = Release|Any CPU
		{8FE319C1-669F-4E3B-B6BC-90BADBEACF2D}.Release|Any CPU.Build.0 = Release|Any CPU
		{32051076-F9AD-44E9-84A3-69E6A27BCA6C}.Debug|Any CPU.ActiveCfg = Debug|Any CPU
		{32051076-F9AD-44E9-84A3-69E6A27BCA6C}.Debug|Any CPU.Build.0 = Debug|Any CPU
		{32051076-F9AD-44E9-84A3-69E6A27BCA6C}.Release|Any CPU.ActiveCfg = Release|Any CPU
		{32051076-F9AD-44E9-84A3-69E6A27BCA6C}.Release|Any CPU.Build.0 = Release|Any CPU
		{17BE1293-AB3C-46A4-B316-E26B18D25138}.Debug|Any CPU.ActiveCfg = Debug|Any CPU
		{17BE1293-AB3C-46A4-B316-E26B18D25138}.Debug|Any CPU.Build.0 = Debug|Any CPU
		{17BE1293-AB3C-46A4-B316-E26B18D25138}.Release|Any CPU.ActiveCfg = Release|Any CPU
		{17BE1293-AB3C-46A4-B316-E26B18D25138}.Release|Any CPU.Build.0 = Release|Any CPU
		{21FD2BBE-CD5D-4C43-BE62-8D136B4651AA}.Debug|Any CPU.ActiveCfg = Debug|Any CPU
		{21FD2BBE-CD5D-4C43-BE62-8D136B4651AA}.Debug|Any CPU.Build.0 = Debug|Any CPU
		{21FD2BBE-CD5D-4C43-BE62-8D136B4651AA}.Release|Any CPU.ActiveCfg = Release|Any CPU
		{21FD2BBE-CD5D-4C43-BE62-8D136B4651AA}.Release|Any CPU.Build.0 = Release|Any CPU
		{6D676FEF-2722-4521-BF26-014798227076}.Debug|Any CPU.ActiveCfg = Debug|Any CPU
		{6D676FEF-2722-4521-BF26-014798227076}.Debug|Any CPU.Build.0 = Debug|Any CPU
		{6D676FEF-2722-4521-BF26-014798227076}.Release|Any CPU.ActiveCfg = Release|Any CPU
		{6D676FEF-2722-4521-BF26-014798227076}.Release|Any CPU.Build.0 = Release|Any CPU
	EndGlobalSection
	GlobalSection(SolutionProperties) = preSolution
		HideSolutionNode = FALSE
	EndGlobalSection
	GlobalSection(ExtensibilityGlobals) = postSolution
		SolutionGuid = {FC1FFEB1-1178-4E66-AFAC-CB0698D578AB}
	EndGlobalSection
EndGlobal
