
Microsoft Visual Studio Solution File, Format Version 12.00
# Visual Studio 15
VisualStudioVersion = 15.0.27130.2027
MinimumVisualStudioVersion = 10.0.40219.1
Project("{9A19103F-16F7-4668-BE54-9A1E7A4F7556}") = "Person", "Person\Person.csproj", "{4677BC3A-A3A8-457E-8133-4D7369D98CE8}"
EndProject
Project("{9A19103F-16F7-4668-BE54-9A1E7A4F7556}") = "OnlineRadioDataBase", "OnlineRadioDataBase\OnlineRadioDataBase.csproj", "{0DB3A369-FCFF-4B8D-9E64-37B5202E7BCA}"
EndProject
Project("{9A19103F-16F7-4668-BE54-9A1E7A4F7556}") = "Mankind", "..\..\Inheritance\Person\Mankind\Mankind.csproj", "{31AC10BF-FD44-41F2-9019-5AB64AA8EC52}"
EndProject
Project("{9A19103F-16F7-4668-BE54-9A1E7A4F7556}") = "MordersCruelPlan", "MordersCruelPlan\MordersCruelPlan.csproj", "{11026E7F-E4F8-4B71-93E5-5CAA67725C48}"
EndProject
Project("{FAE04EC0-301F-11D3-BF4B-00C04F79EFBC}") = "Animals", "Animals\Animals.csproj", "{452DCA61-0F00-47E0-96BC-7B4D6CE633DD}"
EndProject
Global
	GlobalSection(SolutionConfigurationPlatforms) = preSolution
		Debug|Any CPU = Debug|Any CPU
		Debug|x64 = Debug|x64
		Debug|x86 = Debug|x86
		Release|Any CPU = Release|Any CPU
		Release|x64 = Release|x64
		Release|x86 = Release|x86
	EndGlobalSection
	GlobalSection(ProjectConfigurationPlatforms) = postSolution
		{4677BC3A-A3A8-457E-8133-4D7369D98CE8}.Debug|Any CPU.ActiveCfg = Debug|Any CPU
		{4677BC3A-A3A8-457E-8133-4D7369D98CE8}.Debug|Any CPU.Build.0 = Debug|Any CPU
		{4677BC3A-A3A8-457E-8133-4D7369D98CE8}.Debug|x64.ActiveCfg = Debug|Any CPU
		{4677BC3A-A3A8-457E-8133-4D7369D98CE8}.Debug|x64.Build.0 = Debug|Any CPU
		{4677BC3A-A3A8-457E-8133-4D7369D98CE8}.Debug|x86.ActiveCfg = Debug|Any CPU
		{4677BC3A-A3A8-457E-8133-4D7369D98CE8}.Debug|x86.Build.0 = Debug|Any CPU
		{4677BC3A-A3A8-457E-8133-4D7369D98CE8}.Release|Any CPU.ActiveCfg = Release|Any CPU
		{4677BC3A-A3A8-457E-8133-4D7369D98CE8}.Release|Any CPU.Build.0 = Release|Any CPU
		{4677BC3A-A3A8-457E-8133-4D7369D98CE8}.Release|x64.ActiveCfg = Release|Any CPU
		{4677BC3A-A3A8-457E-8133-4D7369D98CE8}.Release|x64.Build.0 = Release|Any CPU
		{4677BC3A-A3A8-457E-8133-4D7369D98CE8}.Release|x86.ActiveCfg = Release|Any CPU
		{4677BC3A-A3A8-457E-8133-4D7369D98CE8}.Release|x86.Build.0 = Release|Any CPU
		{0DB3A369-FCFF-4B8D-9E64-37B5202E7BCA}.Debug|Any CPU.ActiveCfg = Debug|Any CPU
		{0DB3A369-FCFF-4B8D-9E64-37B5202E7BCA}.Debug|Any CPU.Build.0 = Debug|Any CPU
		{0DB3A369-FCFF-4B8D-9E64-37B5202E7BCA}.Debug|x64.ActiveCfg = Debug|Any CPU
		{0DB3A369-FCFF-4B8D-9E64-37B5202E7BCA}.Debug|x64.Build.0 = Debug|Any CPU
		{0DB3A369-FCFF-4B8D-9E64-37B5202E7BCA}.Debug|x86.ActiveCfg = Debug|Any CPU
		{0DB3A369-FCFF-4B8D-9E64-37B5202E7BCA}.Debug|x86.Build.0 = Debug|Any CPU
		{0DB3A369-FCFF-4B8D-9E64-37B5202E7BCA}.Release|Any CPU.ActiveCfg = Release|Any CPU
		{0DB3A369-FCFF-4B8D-9E64-37B5202E7BCA}.Release|Any CPU.Build.0 = Release|Any CPU
		{0DB3A369-FCFF-4B8D-9E64-37B5202E7BCA}.Release|x64.ActiveCfg = Release|Any CPU
		{0DB3A369-FCFF-4B8D-9E64-37B5202E7BCA}.Release|x64.Build.0 = Release|Any CPU
		{0DB3A369-FCFF-4B8D-9E64-37B5202E7BCA}.Release|x86.ActiveCfg = Release|Any CPU
		{0DB3A369-FCFF-4B8D-9E64-37B5202E7BCA}.Release|x86.Build.0 = Release|Any CPU
		{31AC10BF-FD44-41F2-9019-5AB64AA8EC52}.Debug|Any CPU.ActiveCfg = Debug|Any CPU
		{31AC10BF-FD44-41F2-9019-5AB64AA8EC52}.Debug|Any CPU.Build.0 = Debug|Any CPU
		{31AC10BF-FD44-41F2-9019-5AB64AA8EC52}.Debug|x64.ActiveCfg = Debug|Any CPU
		{31AC10BF-FD44-41F2-9019-5AB64AA8EC52}.Debug|x64.Build.0 = Debug|Any CPU
		{31AC10BF-FD44-41F2-9019-5AB64AA8EC52}.Debug|x86.ActiveCfg = Debug|Any CPU
		{31AC10BF-FD44-41F2-9019-5AB64AA8EC52}.Debug|x86.Build.0 = Debug|Any CPU
		{31AC10BF-FD44-41F2-9019-5AB64AA8EC52}.Release|Any CPU.ActiveCfg = Release|Any CPU
		{31AC10BF-FD44-41F2-9019-5AB64AA8EC52}.Release|Any CPU.Build.0 = Release|Any CPU
		{31AC10BF-FD44-41F2-9019-5AB64AA8EC52}.Release|x64.ActiveCfg = Release|Any CPU
		{31AC10BF-FD44-41F2-9019-5AB64AA8EC52}.Release|x64.Build.0 = Release|Any CPU
		{31AC10BF-FD44-41F2-9019-5AB64AA8EC52}.Release|x86.ActiveCfg = Release|Any CPU
		{31AC10BF-FD44-41F2-9019-5AB64AA8EC52}.Release|x86.Build.0 = Release|Any CPU
		{11026E7F-E4F8-4B71-93E5-5CAA67725C48}.Debug|Any CPU.ActiveCfg = Debug|Any CPU
		{11026E7F-E4F8-4B71-93E5-5CAA67725C48}.Debug|Any CPU.Build.0 = Debug|Any CPU
		{11026E7F-E4F8-4B71-93E5-5CAA67725C48}.Debug|x64.ActiveCfg = Debug|Any CPU
		{11026E7F-E4F8-4B71-93E5-5CAA67725C48}.Debug|x64.Build.0 = Debug|Any CPU
		{11026E7F-E4F8-4B71-93E5-5CAA67725C48}.Debug|x86.ActiveCfg = Debug|Any CPU
		{11026E7F-E4F8-4B71-93E5-5CAA67725C48}.Debug|x86.Build.0 = Debug|Any CPU
		{11026E7F-E4F8-4B71-93E5-5CAA67725C48}.Release|Any CPU.ActiveCfg = Release|Any CPU
		{11026E7F-E4F8-4B71-93E5-5CAA67725C48}.Release|Any CPU.Build.0 = Release|Any CPU
		{11026E7F-E4F8-4B71-93E5-5CAA67725C48}.Release|x64.ActiveCfg = Release|Any CPU
		{11026E7F-E4F8-4B71-93E5-5CAA67725C48}.Release|x64.Build.0 = Release|Any CPU
		{11026E7F-E4F8-4B71-93E5-5CAA67725C48}.Release|x86.ActiveCfg = Release|Any CPU
		{11026E7F-E4F8-4B71-93E5-5CAA67725C48}.Release|x86.Build.0 = Release|Any CPU
		{452DCA61-0F00-47E0-96BC-7B4D6CE633DD}.Debug|Any CPU.ActiveCfg = Debug|Any CPU
		{452DCA61-0F00-47E0-96BC-7B4D6CE633DD}.Debug|Any CPU.Build.0 = Debug|Any CPU
		{452DCA61-0F00-47E0-96BC-7B4D6CE633DD}.Debug|x64.ActiveCfg = Debug|Any CPU
		{452DCA61-0F00-47E0-96BC-7B4D6CE633DD}.Debug|x64.Build.0 = Debug|Any CPU
		{452DCA61-0F00-47E0-96BC-7B4D6CE633DD}.Debug|x86.ActiveCfg = Debug|Any CPU
		{452DCA61-0F00-47E0-96BC-7B4D6CE633DD}.Debug|x86.Build.0 = Debug|Any CPU
		{452DCA61-0F00-47E0-96BC-7B4D6CE633DD}.Release|Any CPU.ActiveCfg = Release|Any CPU
		{452DCA61-0F00-47E0-96BC-7B4D6CE633DD}.Release|Any CPU.Build.0 = Release|Any CPU
		{452DCA61-0F00-47E0-96BC-7B4D6CE633DD}.Release|x64.ActiveCfg = Release|Any CPU
		{452DCA61-0F00-47E0-96BC-7B4D6CE633DD}.Release|x64.Build.0 = Release|Any CPU
		{452DCA61-0F00-47E0-96BC-7B4D6CE633DD}.Release|x86.ActiveCfg = Release|Any CPU
		{452DCA61-0F00-47E0-96BC-7B4D6CE633DD}.Release|x86.Build.0 = Release|Any CPU
	EndGlobalSection
	GlobalSection(SolutionProperties) = preSolution
		HideSolutionNode = FALSE
	EndGlobalSection
	GlobalSection(ExtensibilityGlobals) = postSolution
		SolutionGuid = {AE8E441D-B37E-4569-AD40-D247BE12E8F5}
	EndGlobalSection
EndGlobal
