
Microsoft Visual Studio Solution File, Format Version 12.00
# Visual Studio 15
VisualStudioVersion = 15.0.27130.2027
MinimumVisualStudioVersion = 10.0.40219.1
Project("{9A19103F-16F7-4668-BE54-9A1E7A4F7556}") = "PolymorphismExercise", "Polymorphism Exercise\PolymorphismExercise.csproj", "{94FCF38C-A4D4-45AA-96DA-CBAE7E4F8FA6}"
EndProject
Project("{FAE04EC0-301F-11D3-BF4B-00C04F79EFBC}") = "VehiclesExtension", "VehiclesExtension\VehiclesExtension.csproj", "{AFC81A90-8218-4B7C-9F29-ADD4B68AC980}"
EndProject
Project("{FAE04EC0-301F-11D3-BF4B-00C04F79EFBC}") = "WildFarm", "WildFarm\WildFarm.csproj", "{C5DE78A5-3665-4CE1-9528-B437DEA747A9}"
EndProject
Project("{FAE04EC0-301F-11D3-BF4B-00C04F79EFBC}") = "WilfLife", "WilfLife\WilfLife.csproj", "{459D2B04-4FE7-4DEC-88EF-D7A647B6FF5F}"
EndProject
Global
	GlobalSection(SolutionConfigurationPlatforms) = preSolution
		Debug|Any CPU = Debug|Any CPU
		Release|Any CPU = Release|Any CPU
	EndGlobalSection
	GlobalSection(ProjectConfigurationPlatforms) = postSolution
		{94FCF38C-A4D4-45AA-96DA-CBAE7E4F8FA6}.Debug|Any CPU.ActiveCfg = Debug|Any CPU
		{94FCF38C-A4D4-45AA-96DA-CBAE7E4F8FA6}.Debug|Any CPU.Build.0 = Debug|Any CPU
		{94FCF38C-A4D4-45AA-96DA-CBAE7E4F8FA6}.Release|Any CPU.ActiveCfg = Release|Any CPU
		{94FCF38C-A4D4-45AA-96DA-CBAE7E4F8FA6}.Release|Any CPU.Build.0 = Release|Any CPU
		{AFC81A90-8218-4B7C-9F29-ADD4B68AC980}.Debug|Any CPU.ActiveCfg = Debug|Any CPU
		{AFC81A90-8218-4B7C-9F29-ADD4B68AC980}.Debug|Any CPU.Build.0 = Debug|Any CPU
		{AFC81A90-8218-4B7C-9F29-ADD4B68AC980}.Release|Any CPU.ActiveCfg = Release|Any CPU
		{AFC81A90-8218-4B7C-9F29-ADD4B68AC980}.Release|Any CPU.Build.0 = Release|Any CPU
		{C5DE78A5-3665-4CE1-9528-B437DEA747A9}.Debug|Any CPU.ActiveCfg = Debug|Any CPU
		{C5DE78A5-3665-4CE1-9528-B437DEA747A9}.Debug|Any CPU.Build.0 = Debug|Any CPU
		{C5DE78A5-3665-4CE1-9528-B437DEA747A9}.Release|Any CPU.ActiveCfg = Release|Any CPU
		{C5DE78A5-3665-4CE1-9528-B437DEA747A9}.Release|Any CPU.Build.0 = Release|Any CPU
		{459D2B04-4FE7-4DEC-88EF-D7A647B6FF5F}.Debug|Any CPU.ActiveCfg = Debug|Any CPU
		{459D2B04-4FE7-4DEC-88EF-D7A647B6FF5F}.Debug|Any CPU.Build.0 = Debug|Any CPU
		{459D2B04-4FE7-4DEC-88EF-D7A647B6FF5F}.Release|Any CPU.ActiveCfg = Release|Any CPU
		{459D2B04-4FE7-4DEC-88EF-D7A647B6FF5F}.Release|Any CPU.Build.0 = Release|Any CPU
	EndGlobalSection
	GlobalSection(SolutionProperties) = preSolution
		HideSolutionNode = FALSE
	EndGlobalSection
	GlobalSection(ExtensibilityGlobals) = postSolution
		SolutionGuid = {91B2197B-C0FF-4260-9F6A-E75AEF5782F9}
	EndGlobalSection
EndGlobal
