
Microsoft Visual Studio Solution File, Format Version 12.00
# Visual Studio 15
VisualStudioVersion = 15.0.26730.16
MinimumVisualStudioVersion = 10.0.40219.1
Project("{FAE04EC0-301F-11D3-BF4B-00C04F79EFBC}") = "Simple text editor", "Simple text editor.csproj", "{CA50B7E6-E474-466D-85CF-98E0F2A50CC2}"
EndProject
Global
	GlobalSection(SolutionConfigurationPlatforms) = preSolution
		Debug|Any CPU = Debug|Any CPU
		Release|Any CPU = Release|Any CPU
	EndGlobalSection
	GlobalSection(ProjectConfigurationPlatforms) = postSolution
		{CA50B7E6-E474-466D-85CF-98E0F2A50CC2}.Debug|Any CPU.ActiveCfg = Debug|Any CPU
		{CA50B7E6-E474-466D-85CF-98E0F2A50CC2}.Debug|Any CPU.Build.0 = Debug|Any CPU
		{CA50B7E6-E474-466D-85CF-98E0F2A50CC2}.Release|Any CPU.ActiveCfg = Release|Any CPU
		{CA50B7E6-E474-466D-85CF-98E0F2A50CC2}.Release|Any CPU.Build.0 = Release|Any CPU
	EndGlobalSection
	GlobalSection(SolutionProperties) = preSolution
		HideSolutionNode = FALSE
	EndGlobalSection
	GlobalSection(ExtensibilityGlobals) = postSolution
		SolutionGuid = {7B98BBE4-2969-4D54-8B2A-FFEF648FDD7B}
	EndGlobalSection
EndGlobal
