
Microsoft Visual Studio Solution File, Format Version 12.00
# Visual Studio 15
VisualStudioVersion = 15.0.27130.2027
MinimumVisualStudioVersion = 10.0.40219.1
Project("{FAE04EC0-301F-11D3-BF4B-00C04F79EFBC}") = "string and text tech module", "string and text tech module\string and text tech module.csproj", "{05F70639-61DA-4135-A623-32C2BF288764}"
EndProject
Project("{FAE04EC0-301F-11D3-BF4B-00C04F79EFBC}") = "character multiplier", "character multiplier\character multiplier.csproj", "{B45A6DC1-0DB2-48B4-B6AF-7AEE16DAE0BF}"
EndProject
Project("{FAE04EC0-301F-11D3-BF4B-00C04F79EFBC}") = "UniCode characters", "UniCode characters\UniCode characters.csproj", "{833B72A3-7C05-4C53-BC7B-859642A2442F}"
EndProject
Global
	GlobalSection(SolutionConfigurationPlatforms) = preSolution
		Debug|Any CPU = Debug|Any CPU
		Release|Any CPU = Release|Any CPU
	EndGlobalSection
	GlobalSection(ProjectConfigurationPlatforms) = postSolution
		{05F70639-61DA-4135-A623-32C2BF288764}.Debug|Any CPU.ActiveCfg = Debug|Any CPU
		{05F70639-61DA-4135-A623-32C2BF288764}.Debug|Any CPU.Build.0 = Debug|Any CPU
		{05F70639-61DA-4135-A623-32C2BF288764}.Release|Any CPU.ActiveCfg = Release|Any CPU
		{05F70639-61DA-4135-A623-32C2BF288764}.Release|Any CPU.Build.0 = Release|Any CPU
		{B45A6DC1-0DB2-48B4-B6AF-7AEE16DAE0BF}.Debug|Any CPU.ActiveCfg = Debug|Any CPU
		{B45A6DC1-0DB2-48B4-B6AF-7AEE16DAE0BF}.Debug|Any CPU.Build.0 = Debug|Any CPU
		{B45A6DC1-0DB2-48B4-B6AF-7AEE16DAE0BF}.Release|Any CPU.ActiveCfg = Release|Any CPU
		{B45A6DC1-0DB2-48B4-B6AF-7AEE16DAE0BF}.Release|Any CPU.Build.0 = Release|Any CPU
		{833B72A3-7C05-4C53-BC7B-859642A2442F}.Debug|Any CPU.ActiveCfg = Debug|Any CPU
		{833B72A3-7C05-4C53-BC7B-859642A2442F}.Debug|Any CPU.Build.0 = Debug|Any CPU
		{833B72A3-7C05-4C53-BC7B-859642A2442F}.Release|Any CPU.ActiveCfg = Release|Any CPU
		{833B72A3-7C05-4C53-BC7B-859642A2442F}.Release|Any CPU.Build.0 = Release|Any CPU
	EndGlobalSection
	GlobalSection(SolutionProperties) = preSolution
		HideSolutionNode = FALSE
	EndGlobalSection
	GlobalSection(ExtensibilityGlobals) = postSolution
		SolutionGuid = {A7EEE259-BF71-4261-9E33-10056C3B68DC}
	EndGlobalSection
EndGlobal
